
Microsoft Visual Studio Solution File, Format Version 12.00
# Visual Studio Version 17
VisualStudioVersion = 17.1.32319.34
MinimumVisualStudioVersion = 10.0.40219.1
Project("{9A19103F-16F7-4668-BE54-9A1E7A4F7556}") = "TimeManagement.Data", "TimeManagement.Data\TimeManagement.Data.csproj", "{6085AA63-A1A4-44FD-9889-45C4490CCC08}"
EndProject
Project("{9A19103F-16F7-4668-BE54-9A1E7A4F7556}") = "TimeManagement.Test", "TimeManagement.Test\TimeManagement.Test.csproj", "{911F924C-D454-4261-A493-647414624D84}"
EndProject
Project("{9A19103F-16F7-4668-BE54-9A1E7A4F7556}") = "TimeManagement.EventManager", "TimeManagement.EventManager\TimeManagement.EventManager.csproj", "{D66BC3CB-A421-40C3-B793-1B6356321674}"
EndProject
Project("{FAE04EC0-301F-11D3-BF4B-00C04F79EFBC}") = "TimeManagement.UI", "TimeManagement.UI\TimeManagement.UI.csproj", "{FA13B7B1-30E9-4844-80C2-5B2B188DB849}"
EndProject
Global
	GlobalSection(SolutionConfigurationPlatforms) = preSolution
		Debug|Any CPU = Debug|Any CPU
		Release|Any CPU = Release|Any CPU
	EndGlobalSection
	GlobalSection(ProjectConfigurationPlatforms) = postSolution
		{6085AA63-A1A4-44FD-9889-45C4490CCC08}.Debug|Any CPU.ActiveCfg = Debug|Any CPU
		{6085AA63-A1A4-44FD-9889-45C4490CCC08}.Debug|Any CPU.Build.0 = Debug|Any CPU
		{6085AA63-A1A4-44FD-9889-45C4490CCC08}.Release|Any CPU.ActiveCfg = Release|Any CPU
		{6085AA63-A1A4-44FD-9889-45C4490CCC08}.Release|Any CPU.Build.0 = Release|Any CPU
		{911F924C-D454-4261-A493-647414624D84}.Debug|Any CPU.ActiveCfg = Debug|Any CPU
		{911F924C-D454-4261-A493-647414624D84}.Debug|Any CPU.Build.0 = Debug|Any CPU
		{911F924C-D454-4261-A493-647414624D84}.Release|Any CPU.ActiveCfg = Release|Any CPU
		{911F924C-D454-4261-A493-647414624D84}.Release|Any CPU.Build.0 = Release|Any CPU
		{D66BC3CB-A421-40C3-B793-1B6356321674}.Debug|Any CPU.ActiveCfg = Debug|Any CPU
		{D66BC3CB-A421-40C3-B793-1B6356321674}.Debug|Any CPU.Build.0 = Debug|Any CPU
		{D66BC3CB-A421-40C3-B793-1B6356321674}.Release|Any CPU.ActiveCfg = Release|Any CPU
		{D66BC3CB-A421-40C3-B793-1B6356321674}.Release|Any CPU.Build.0 = Release|Any CPU
		{FA13B7B1-30E9-4844-80C2-5B2B188DB849}.Debug|Any CPU.ActiveCfg = Debug|Any CPU
		{FA13B7B1-30E9-4844-80C2-5B2B188DB849}.Debug|Any CPU.Build.0 = Debug|Any CPU
		{FA13B7B1-30E9-4844-80C2-5B2B188DB849}.Release|Any CPU.ActiveCfg = Release|Any CPU
		{FA13B7B1-30E9-4844-80C2-5B2B188DB849}.Release|Any CPU.Build.0 = Release|Any CPU
	EndGlobalSection
	GlobalSection(SolutionProperties) = preSolution
		HideSolutionNode = FALSE
	EndGlobalSection
	GlobalSection(ExtensibilityGlobals) = postSolution
		SolutionGuid = {D0B8D42C-100E-4A60-8246-E966B15D95E8}
	EndGlobalSection
EndGlobal
